# This file is generated by running "yarn install" inside your project.
# Manual changes might be lost - proceed with caution!

__metadata:
  version: 4
  cacheKey: 7

"@actions/core@npm:^1.2.6":
  version: 1.3.0
  resolution: "@actions/core@npm:1.3.0"
  checksum: 8829af9595388018bb4eff5ebf74f868738f36a549305a7702bf0d872df0778a0bceae3b51e4a159dd698a775a5dd7efc676e811c28ce44602358c65750f150e
  languageName: node
  linkType: hard

"@actions/github@npm:^5.0.0":
  version: 5.0.0
  resolution: "@actions/github@npm:5.0.0"
  dependencies:
    "@actions/http-client": ^1.0.11
    "@octokit/core": ^3.4.0
    "@octokit/plugin-paginate-rest": ^2.13.3
    "@octokit/plugin-rest-endpoint-methods": ^5.1.1
  checksum: 29e7de0435fcca8647cfb3e0b962e4d275357b2bc0a36a517c713682870428f6e676a2c68b07806be1ef692ef6f32413e66b9e943a1d0caa8dd152ad44791dd8
  languageName: node
  linkType: hard

"@actions/http-client@npm:^1.0.11":
  version: 1.0.11
  resolution: "@actions/http-client@npm:1.0.11"
  dependencies:
    tunnel: 0.0.6
  checksum: ccd0ae6ce99662e31daf1f5cb6b5130cc10ac9a3d4f2de74c54031cf13cd191dbbf0719e60e74f724f073f27af4cb9f393218d92f7f70c0b6e23bb1962c386e3
  languageName: node
  linkType: hard

"@babel/code-frame@npm:^7.0.0":
  version: 7.12.13
  resolution: "@babel/code-frame@npm:7.12.13"
  dependencies:
    "@babel/highlight": ^7.12.13
  checksum: 471532bb7cb4a300bd1a3201e75e7c0c83ebfb4e0e6610fdb53270521505d7efe0961258de61e7b1970ef3092a97ed675248ee1a44597912a1f61f903d85ef41
  languageName: node
  linkType: hard

"@babel/helper-validator-identifier@npm:^7.14.0":
  version: 7.14.0
  resolution: "@babel/helper-validator-identifier@npm:7.14.0"
  checksum: bd67b4a1a49eba151aa0fe95508579638287fee0a3e7a3bf8c5ab480de8eaad4b4231c523d7db401eb0cecc7cf03b76ee72453fab53bab8cb8ccd154bb67feb7
  languageName: node
  linkType: hard

"@babel/highlight@npm:^7.12.13":
  version: 7.14.0
  resolution: "@babel/highlight@npm:7.14.0"
  dependencies:
    "@babel/helper-validator-identifier": ^7.14.0
    chalk: ^2.0.0
    js-tokens: ^4.0.0
  checksum: 0122fcd3cd6e81bfa002227d6c9dfff91d388d48dc188cd13e3f60c46e5450ebad65aa133ac8f525cb3cfa3b70766484e4a93c40b2837ce16f12083ebd2b0824
  languageName: node
  linkType: hard

"@cspell/cspell-bundled-dicts@npm:^5.3.0, @cspell/cspell-bundled-dicts@npm:^5.5.2":
  version: 5.5.2
  resolution: "@cspell/cspell-bundled-dicts@npm:5.5.2"
  dependencies:
    "@cspell/dict-ada": ^1.1.2
    "@cspell/dict-aws": ^1.0.14
    "@cspell/dict-bash": ^1.0.12
    "@cspell/dict-companies": ^1.0.38
    "@cspell/dict-cpp": ^1.1.39
    "@cspell/dict-cryptocurrencies": ^1.0.10
    "@cspell/dict-csharp": ^1.0.11
    "@cspell/dict-css": ^1.0.11
    "@cspell/dict-django": ^1.0.26
    "@cspell/dict-dotnet": ^1.0.25
    "@cspell/dict-elixir": ^1.0.24
    "@cspell/dict-en-gb": ^1.1.29
    "@cspell/dict-en_us": ^1.2.42
    "@cspell/dict-filetypes": ^1.1.5
    "@cspell/dict-fonts": ^1.0.14
    "@cspell/dict-fullstack": ^1.0.38
    "@cspell/dict-golang": ^1.1.24
    "@cspell/dict-haskell": ^1.0.13
    "@cspell/dict-html": ^1.1.7
    "@cspell/dict-html-symbol-entities": ^1.0.23
    "@cspell/dict-java": ^1.0.22
    "@cspell/dict-latex": ^1.0.25
    "@cspell/dict-lorem-ipsum": ^1.0.22
    "@cspell/dict-lua": ^1.0.16
    "@cspell/dict-node": ^1.0.12
    "@cspell/dict-npm": ^1.0.12
    "@cspell/dict-php": ^1.0.24
    "@cspell/dict-powershell": ^1.0.15
    "@cspell/dict-python": ^1.0.35
    "@cspell/dict-ruby": ^1.0.14
    "@cspell/dict-rust": ^1.0.22
    "@cspell/dict-scala": ^1.0.21
    "@cspell/dict-software-terms": ^1.0.32
    "@cspell/dict-typescript": ^1.0.19
  checksum: c5f330668e11f7d3d73410f497f425d7ed22a45cda6c270ea2ca4a0c8ea97ac51f9a2bbb83a89671971ad930a9873e75b8e5e9d5d5b514f18dc3ed2a917f7ccd
  languageName: node
  linkType: hard

"@cspell/cspell-types@npm:^5.5.2":
  version: 5.5.2
  resolution: "@cspell/cspell-types@npm:5.5.2"
  checksum: 4df4e598f002227cc9597fabe53ec86fd7fec5f47f80941f1b75b2445b4bfa39296168eab66cab86fec3d1b93b69f092a0735ddd8356afba1e4b1adee08b9555
  languageName: node
  linkType: hard

"@cspell/dict-ada@npm:^1.1.2":
  version: 1.1.2
  resolution: "@cspell/dict-ada@npm:1.1.2"
  checksum: 5576b3bba35c704517ccacfd02a2c254d13588f41911756c52fa16c6bf917111854da7168b8f0022522f2fd986a9b63cae7894d399a416c7929a73fc7e1cfa90
  languageName: node
  linkType: hard

"@cspell/dict-aws@npm:^1.0.14":
  version: 1.0.14
  resolution: "@cspell/dict-aws@npm:1.0.14"
  checksum: b6b358b427da66292c634b4dbc3ec87213e5d52ca1ef55e829e2c571643618d549a2b40e3a83acf14910d176195fa2e3bd24abec91eea5335d3ad6ec0a069333
  languageName: node
  linkType: hard

"@cspell/dict-bash@npm:^1.0.12":
  version: 1.0.13
  resolution: "@cspell/dict-bash@npm:1.0.13"
  checksum: d032afd37f683edccf8bce27a714f14023894698ddee6d4ca83ed2b05b85dbacf8289123fa265019f97005e930b647bed59029f5b423e320db9fcb7412c5a2bf
  languageName: node
  linkType: hard

"@cspell/dict-companies@npm:^1.0.38":
  version: 1.0.38
  resolution: "@cspell/dict-companies@npm:1.0.38"
  checksum: 7af6c65837a1f7c587c6d1b6250151c47b7dd29265be8976467e7f0441e08e576e9d827235c64a911054acf8c70c28b8c6144c0650af8cbe15c070ffd84a2539
  languageName: node
  linkType: hard

"@cspell/dict-cpp@npm:^1.1.39":
  version: 1.1.39
  resolution: "@cspell/dict-cpp@npm:1.1.39"
  checksum: 5f1f94af58a825f726d74ab169a7e7a1e47bf91b1c799c4a992166e8eba5bc69fd21ad9716abb6a0012dbcd580c41acaf7b44a1f37624a08bcde55795a178ccc
  languageName: node
  linkType: hard

"@cspell/dict-cryptocurrencies@npm:^1.0.10":
  version: 1.0.10
  resolution: "@cspell/dict-cryptocurrencies@npm:1.0.10"
  checksum: d6c1ec979b7540e45f0368be0422ef2b3c81e8335156715f6554d0814a9d11bb2b25d54c4c1959a10eb574de23bc2c902240d9e274b00aa664a3c57b86c68c1e
  languageName: node
  linkType: hard

"@cspell/dict-csharp@npm:^1.0.11":
  version: 1.0.11
  resolution: "@cspell/dict-csharp@npm:1.0.11"
  checksum: 815428a7cde792f41019edeb557975aca416bd16a493eb1db6ce47f86cbcea427f0a22e1229c76f6498e4b0830772630ca7cb2db16568b78442b296ea7afe989
  languageName: node
  linkType: hard

"@cspell/dict-css@npm:^1.0.11":
  version: 1.0.11
  resolution: "@cspell/dict-css@npm:1.0.11"
  checksum: 24f955d13cbcbb06a57d39d683a9acba4a4cbf986a0b20004fbe77237f51759898465227a2ab7e012ad5e1492763c4e1e67097e4752e6ef91211825675bd0f1e
  languageName: node
  linkType: hard

"@cspell/dict-django@npm:^1.0.26":
  version: 1.0.26
  resolution: "@cspell/dict-django@npm:1.0.26"
  checksum: 6f4e4afb8502cab8732fb2f0d2c7689b228bea1785a48386d1c292472de12c48fa3812168d746756a3cdac45fe428a4874451c6e88b6cf63010971327d79e9d7
  languageName: node
  linkType: hard

"@cspell/dict-dotnet@npm:^1.0.25":
  version: 1.0.25
  resolution: "@cspell/dict-dotnet@npm:1.0.25"
  checksum: 2fd5fe33a548f4696136830f8e90c78c2e9f6da8a4a8d2df95d42abf00c9d3f7d82afb7614c9efdff9bbe0490c740db41ec831fbf06301efa27a531ca78dcfef
  languageName: node
  linkType: hard

"@cspell/dict-elixir@npm:^1.0.24":
  version: 1.0.24
  resolution: "@cspell/dict-elixir@npm:1.0.24"
  checksum: a78f6c905cb564ec28971e58b6cb314dfae85ec04384d38b89fa20af9ea4e4c03e5f9ec6e16485589c3b301ff986e1327a534db84ca0758326dee56f8079a819
  languageName: node
  linkType: hard

"@cspell/dict-en-gb@npm:^1.1.29":
  version: 1.1.30
  resolution: "@cspell/dict-en-gb@npm:1.1.30"
  checksum: b71b3f03ee0bc2f90f0f990687d940672271aa2cb014b5674c7a0038514b0564cbf3c8a07d8113501aae18d2dbc002479e17616d30d4fe1bd7adad936121854a
  languageName: node
  linkType: hard

"@cspell/dict-en_us@npm:^1.2.42":
  version: 1.2.43
  resolution: "@cspell/dict-en_us@npm:1.2.43"
  checksum: 7656b81c27c86e84148ecb54047cd82481442071be838db3a7d6ed248d069311f39d7966e6677f65bf48743b670339a3497e3c68f8766d1c56bf7f9c4b7da8e7
  languageName: node
  linkType: hard

"@cspell/dict-filetypes@npm:^1.1.5":
  version: 1.1.5
  resolution: "@cspell/dict-filetypes@npm:1.1.5"
  checksum: c12fa03df8e787c33584600caa6d6fe34feca08784f843375bc8328448ef45ec708c996e0a19d0b5e93641ccadcce22f2e2403a1b1ce6b6d0ca69526ccc65b65
  languageName: node
  linkType: hard

"@cspell/dict-fonts@npm:^1.0.14":
  version: 1.0.14
  resolution: "@cspell/dict-fonts@npm:1.0.14"
  checksum: 9f3bbd68b76f329057dd9d0f9e3b405d7d5ce532ce3a144ff835e411f26b4ccd1c24b3476432c26eb75cb4e6b9e9c8b345d948a660113e82a839b60f8d1d0ecd
  languageName: node
  linkType: hard

"@cspell/dict-fullstack@npm:^1.0.38":
  version: 1.0.38
  resolution: "@cspell/dict-fullstack@npm:1.0.38"
  checksum: 108712296b5fed4c76e6c996316b26cf3d99dfa2783be94456adbf919dfbd5736a95c19d9aa41a8f5945fda8b52958608c8432e7e0dc652bc6c1ab0fbf44971a
  languageName: node
  linkType: hard

"@cspell/dict-golang@npm:^1.1.24":
  version: 1.1.24
  resolution: "@cspell/dict-golang@npm:1.1.24"
  checksum: 4efa233a30f5a0f2772b71b5030ecbee1cb0446e5b6e8cd181c9d9734e4c685f3cb5b2943e32879786762c9fb50cb23e05e10f8766b0d831c5bdbed12d1abc88
  languageName: node
  linkType: hard

"@cspell/dict-haskell@npm:^1.0.13":
  version: 1.0.13
  resolution: "@cspell/dict-haskell@npm:1.0.13"
  checksum: b670d84a1c3fe1d554aabb2caffe8b1c5fa71b6c3053a5b2363f3c0b9d147586d1b8ba8c5d3fbd83c95eda1f4435435946e5f61d3d4fe26e76a44b5688c533f2
  languageName: node
  linkType: hard

"@cspell/dict-html-symbol-entities@npm:^1.0.23":
  version: 1.0.23
  resolution: "@cspell/dict-html-symbol-entities@npm:1.0.23"
  checksum: 225275c1f22f6bf508aa732df11dc75363eb5ec9960a3a87ddb53b61ebf0b0dec66132cb24de6f3f8fa9062153e8e463c26fcbf03c2f354d2ec844d46bbe4b1f
  languageName: node
  linkType: hard

"@cspell/dict-html@npm:^1.1.7":
  version: 1.1.7
  resolution: "@cspell/dict-html@npm:1.1.7"
  checksum: 39fa5b64abf3d94660e5a145a7d61fc6a86809d1429be564a6d98020d462b0e87f66b182d488997150fbd586dc5c6dce4829fc092fb36874f2378b41cc3ee3cb
  languageName: node
  linkType: hard

"@cspell/dict-java@npm:^1.0.22":
  version: 1.0.22
  resolution: "@cspell/dict-java@npm:1.0.22"
  checksum: f47658c8d81917c1efeb596d2b7ecd85acc64dfe6d6082b980a88650bfb66f825d1332272d05b5ce455f3e8bedf95acea6885c0437b4f7475799861228ce54fd
  languageName: node
  linkType: hard

"@cspell/dict-latex@npm:^1.0.25":
  version: 1.0.25
  resolution: "@cspell/dict-latex@npm:1.0.25"
  checksum: 7556e0f7391eaea800d744a9188bedd40311b633f969cf8946ce31e1cd5233f0c03963217a20512c2165d0679b4babb202b5651f448757793a40dd91cf7037be
  languageName: node
  linkType: hard

"@cspell/dict-lorem-ipsum@npm:^1.0.22":
  version: 1.0.22
  resolution: "@cspell/dict-lorem-ipsum@npm:1.0.22"
  checksum: 6a139f3ee6356e2524488c97ae6a87953b78719a3d13637447fe38a23d7e493736f9863be134ddfe65ae075f7a6bcb323b1c6d19f486644ad43e0ff201f40627
  languageName: node
  linkType: hard

"@cspell/dict-lua@npm:^1.0.16":
  version: 1.0.16
  resolution: "@cspell/dict-lua@npm:1.0.16"
  checksum: 2fbb3b4d62111ae95c1ee6e4bdff40279c4cd25755f95ac40e715b23e9399c3f79cc7f55dfcd8fac41b8e5999ad4857b8cc6d4c840c2b25c837b00292d3f87a8
  languageName: node
  linkType: hard

"@cspell/dict-node@npm:^1.0.12":
  version: 1.0.12
  resolution: "@cspell/dict-node@npm:1.0.12"
  checksum: 77a1c053b2eaf92baccd8d11d293d4c41bf9b0df3c68d56418ae7c6c756d9cddff5aaca88b6c927d638cd094f10a8fb5e4dbae404d934f3b1a9bf1ca80079f10
  languageName: node
  linkType: hard

"@cspell/dict-npm@npm:^1.0.12":
  version: 1.0.13
  resolution: "@cspell/dict-npm@npm:1.0.13"
  checksum: 359865a37d838ba489d3bc8f980874c687ae88789b337ebe63d9c79c1cc8d7805e9ba2d0419b14120494d9b1324cc0d4f93385f3e85203c5bcb7056afbd8d521
  languageName: node
  linkType: hard

"@cspell/dict-php@npm:^1.0.24":
  version: 1.0.24
  resolution: "@cspell/dict-php@npm:1.0.24"
  checksum: ae91a7d488708fdb527db362c3803ca00f0f4eeb5149d5f9e2ca6af45a222e45ec3f7071f927c7949cfa3be38b23e2836f48ac29692608913f14f3ae6cc2ce16
  languageName: node
  linkType: hard

"@cspell/dict-powershell@npm:^1.0.15":
  version: 1.0.16
  resolution: "@cspell/dict-powershell@npm:1.0.16"
  checksum: 6c42011e05f62129dacdd45ad524667f8992205e50abf48416df8849a848d6b8b281be4e3e493cb25cf2ae58aaae2e133e22d7647e78d318b937c9a5669c1301
  languageName: node
  linkType: hard

"@cspell/dict-python@npm:^1.0.35":
  version: 1.0.35
  resolution: "@cspell/dict-python@npm:1.0.35"
  checksum: 8a52d3c1f53c3bae64e4dd158be514d0c34e3fa6da479ff8a3cfd4560a6a0d682f09d600f7ecaf852b38ae185349f6da73c0215a0b8ae4265fb23101aa74374c
  languageName: node
  linkType: hard

"@cspell/dict-ruby@npm:^1.0.14":
  version: 1.0.14
  resolution: "@cspell/dict-ruby@npm:1.0.14"
  checksum: 1f456621b69841e70d716af3c7c888be59a775a9d67b43f19e4dee61f3393f59c35576a8a799b9b4daa8c4a9e55857c461af08055df7eb67eeedc70ed9ea6cde
  languageName: node
  linkType: hard

"@cspell/dict-rust@npm:^1.0.22":
  version: 1.0.22
  resolution: "@cspell/dict-rust@npm:1.0.22"
  checksum: 35dfc9be61fc718d6d3dd9980f0141f8d774786b15567f6729318f20ef4a7254a56429766af81e8361937936a3c89ba896151a94f3228c706a9f0d3140a74086
  languageName: node
  linkType: hard

"@cspell/dict-scala@npm:^1.0.21":
  version: 1.0.21
  resolution: "@cspell/dict-scala@npm:1.0.21"
  checksum: f7194ec58a993592a040f7825c1a57970cebb75c1984a348fc6cd10e5015cceec6a6e45fec91d487d374e1e5259331b303394f8fb80b82b6f9f2353b3c2c9983
  languageName: node
  linkType: hard

"@cspell/dict-software-terms@npm:^1.0.32":
  version: 1.0.33
  resolution: "@cspell/dict-software-terms@npm:1.0.33"
  checksum: 69f725ecfb5211950363ffa1fa1074dff9b6bf61ad2dc1ed81ced06fd0a09f6973b1973f74ca0153be31832176000913f5a0cd0b4f1f9437d278bcc05ab1cf75
  languageName: node
  linkType: hard

"@cspell/dict-typescript@npm:^1.0.19":
  version: 1.0.19
  resolution: "@cspell/dict-typescript@npm:1.0.19"
  checksum: bc0235f86462f180017ffa949c9f9bb2bed54212e98c7c9bfb4ba08925baca8e9451d851fc1bb2ef45cd1f64f27b4be039541d5d185eb694805c45c6f108cb22
  languageName: node
  linkType: hard

"@octokit/auth-token@npm:^2.4.4":
  version: 2.4.5
  resolution: "@octokit/auth-token@npm:2.4.5"
  dependencies:
    "@octokit/types": ^6.0.3
  checksum: 4cd8ef3bc0b10b54c6547adfd33caefc59982d9948e1f2aaa5e7ae3909a5446f08f5db055932976fe7070005d5db4f5c82b0ae0288a25d410d4998eaa42f5edc
  languageName: node
  linkType: hard

"@octokit/core@npm:^3.2.3, @octokit/core@npm:^3.4.0":
  version: 3.4.0
  resolution: "@octokit/core@npm:3.4.0"
  dependencies:
    "@octokit/auth-token": ^2.4.4
    "@octokit/graphql": ^4.5.8
    "@octokit/request": ^5.4.12
    "@octokit/request-error": ^2.0.5
    "@octokit/types": ^6.0.3
    before-after-hook: ^2.2.0
    universal-user-agent: ^6.0.0
  checksum: bb8ba9be2c3d944361afff7c674c2bac22e831d37bfcf9b5e676fa19fd1d72d335e4d97e33103e6e91f87b4511c4353116945ade326587ef7a6d5e1f95c0c786
  languageName: node
  linkType: hard

"@octokit/endpoint@npm:^6.0.1":
  version: 6.0.11
  resolution: "@octokit/endpoint@npm:6.0.11"
  dependencies:
    "@octokit/types": ^6.0.3
    is-plain-object: ^5.0.0
    universal-user-agent: ^6.0.0
  checksum: b2b0f6bb1d10490985dd3070c4fabc7eb7068dabb9242d6009e9be16795a9f0635c6e177a1eb93816efad27f926c0fa9e8ad839b09bcd59f8fb61ebd76d00b0e
  languageName: node
  linkType: hard

"@octokit/graphql@npm:^4.5.8":
  version: 4.6.2
  resolution: "@octokit/graphql@npm:4.6.2"
  dependencies:
    "@octokit/request": ^5.3.0
    "@octokit/types": ^6.0.3
    universal-user-agent: ^6.0.0
  checksum: b7a015d3c594b6606a9b93c2b03032489598ea3a097c82bc4803cc58898af63328d1c771a38060e596b31dbdbd6043fe028ea4564e4e932c478dcde529c32530
  languageName: node
  linkType: hard

"@octokit/openapi-types@npm:^7.2.3":
  version: 7.2.3
  resolution: "@octokit/openapi-types@npm:7.2.3"
  checksum: 2fdaaabce868aaa51980baf787c05af12fe1d963ab10e2ec967fe75af523314ccf364abb56d5aecb9b0711ebd06a8e4b91ed2c205bbe4b12cd70831cbcfdf31a
  languageName: node
  linkType: hard

"@octokit/plugin-paginate-rest@npm:^2.13.3, @octokit/plugin-paginate-rest@npm:^2.6.2":
  version: 2.13.3
  resolution: "@octokit/plugin-paginate-rest@npm:2.13.3"
  dependencies:
    "@octokit/types": ^6.11.0
  peerDependencies:
    "@octokit/core": ">=2"
  checksum: b2b7772f054798fbc821161736921a729de042b36e38afa98b79b4409c2b793035dee6dc32c5f3500a77b1bc7e220b716fd19ff49c5a4712a86f37e074dc53f9
  languageName: node
  linkType: hard

"@octokit/plugin-request-log@npm:^1.0.2":
  version: 1.0.3
  resolution: "@octokit/plugin-request-log@npm:1.0.3"
  peerDependencies:
    "@octokit/core": ">=3"
  checksum: f858361b36046c9b59a98898db3ae07e07fb1ca314c64155b8ccae306f01aa702216cbb74586e84c5c1ddcbc49bdf1d9819301f3acd5c7bc60057bb424cd3eb8
  languageName: node
  linkType: hard

"@octokit/plugin-rest-endpoint-methods@npm:5.3.1, @octokit/plugin-rest-endpoint-methods@npm:^5.1.1":
  version: 5.3.1
  resolution: "@octokit/plugin-rest-endpoint-methods@npm:5.3.1"
  dependencies:
    "@octokit/types": ^6.16.2
    deprecation: ^2.3.1
  peerDependencies:
    "@octokit/core": ">=3"
  checksum: 29198043ef29c6520e3fbf40998170f359ddd05bcdf31fcea74af5559bbc91a1d5f95edc42ab5ac51e14b497bdc669b8715f6a9a878254ef528188412593916e
  languageName: node
  linkType: hard

"@octokit/request-error@npm:^2.0.0, @octokit/request-error@npm:^2.0.5":
  version: 2.0.5
  resolution: "@octokit/request-error@npm:2.0.5"
  dependencies:
    "@octokit/types": ^6.0.3
    deprecation: ^2.0.0
    once: ^1.4.0
  checksum: 0d3a3103a55188ddc533100de5654928610ee44a83a5043ca94374d10cce2e9c2069b4d9fba9384a8f12ad5c9770d58dccd6292f65b3f0403726e1de9fd849c1
  languageName: node
  linkType: hard

"@octokit/request@npm:^5.3.0, @octokit/request@npm:^5.4.12":
  version: 5.4.15
  resolution: "@octokit/request@npm:5.4.15"
  dependencies:
    "@octokit/endpoint": ^6.0.1
    "@octokit/request-error": ^2.0.0
    "@octokit/types": ^6.7.1
    is-plain-object: ^5.0.0
    node-fetch: ^2.6.1
    universal-user-agent: ^6.0.0
  checksum: 15810826ee7082fe2a35c3273312c9de707e22a29cce0d9f205f08788155b0edc1a29d69f08b16b9d1e8688486389573e322f48479481c7093973f62504a0a72
  languageName: node
  linkType: hard

"@octokit/rest@npm:^18.5.3":
  version: 18.5.6
  resolution: "@octokit/rest@npm:18.5.6"
  dependencies:
    "@octokit/core": ^3.2.3
    "@octokit/plugin-paginate-rest": ^2.6.2
    "@octokit/plugin-request-log": ^1.0.2
    "@octokit/plugin-rest-endpoint-methods": 5.3.1
  checksum: a25aaafe3614269da1d80956b073e2c2d056e686cd054611839621e3bbc130b191e5bd1365001a7018e5b82102cf810f28afba9a7e164e74ab4967c411116481
  languageName: node
  linkType: hard

"@octokit/types@npm:^6.0.3, @octokit/types@npm:^6.11.0, @octokit/types@npm:^6.16.2, @octokit/types@npm:^6.7.1":
  version: 6.16.2
  resolution: "@octokit/types@npm:6.16.2"
  dependencies:
    "@octokit/openapi-types": ^7.2.3
  checksum: b9cf7c0482fbce388a78fb7a7b86b012091087d27e831b428abaa8fbcf9a5c255fa39ab14658b8653e8b639895c00b75849d276fc74c033ee0cdd7046d0ad0e5
  languageName: node
  linkType: hard

"@types/node@npm:14":
  version: 14.17.2
  resolution: "@types/node@npm:14.17.2"
  checksum: 7a2e90989ce2948d3cdfc1d15fb5f0439ea53971d81a466ad049922bb23ef38252f6639271ae5899670ab93d48ed62542ad687767e45ffa6fe902ce59f518e5b
  languageName: node
  linkType: hard

"@types/parse-json@npm:^4.0.0":
  version: 4.0.0
  resolution: "@types/parse-json@npm:4.0.0"
  checksum: 4a8f720afac47b474d3f2eece312340e72bc31bc9561cda37b596ce2ed218c0099765d302625bb67d659a8452a1f93d514f4863c11c7ebaf65430428687dc426
  languageName: node
  linkType: hard

"ansi-regex@npm:^5.0.0":
  version: 5.0.0
  resolution: "ansi-regex@npm:5.0.0"
  checksum: cbd9b5c9dbbb4a949c2a6e93f1c6cc19f0683d8a4724d08d2158627be6d373f0f3ba1f4ada01dce7ee141f2ba2628fbbd29932c7d49926e3b630c7f329f3178b
  languageName: node
  linkType: hard

"ansi-styles@npm:^3.2.1":
  version: 3.2.1
  resolution: "ansi-styles@npm:3.2.1"
  dependencies:
    color-convert: ^1.9.0
  checksum: 456e1c23d9277512a47718da75e7fbb0a5ee215ef893c2f76d6b3efe8fceabc861121b80b0362146f5f995d21a1633f05a19bbf6283ae66ac11dc3b9c0bed779
  languageName: node
  linkType: hard

"ansi-styles@npm:^4.1.0":
  version: 4.3.0
  resolution: "ansi-styles@npm:4.3.0"
  dependencies:
    color-convert: ^2.0.1
  checksum: ea02c0179f3dd089a161f5fdd7ccd89dd84f31d82b68869f1134bf5c5b9e1313dadd2ff9edb02b44f46243f285ef5b785f6cb61c84a293694221417c42934407
  languageName: node
  linkType: hard

"array-timsort@npm:^1.0.3":
  version: 1.0.3
  resolution: "array-timsort@npm:1.0.3"
  checksum: 840f0a68e7de2e53cae55917532edb805f948e6b5ec5a887081950f0683ca0b04ebf87660c6a3ee2270644a43128bf8869f2964a7dc43a90a5b1b830cdb6dfdb
  languageName: node
  linkType: hard

"balanced-match@npm:^1.0.0":
  version: 1.0.2
  resolution: "balanced-match@npm:1.0.2"
  checksum: 690643f3009a04289ac401079de5a780aae452f7625fb2884051cc847b231e6521ee15dd6430b066d3cf4bd8bb00bb7ff55b7d134f34b8f0b8c043806796f94e
  languageName: node
  linkType: hard

"before-after-hook@npm:^2.2.0":
  version: 2.2.1
  resolution: "before-after-hook@npm:2.2.1"
  checksum: 697c0ac2c802fe14fbed38103477ff8d05eb4ea06e6f442cacbb7b8a24e14e83fb40b6d9eb64dd963539041d1a52694123def876dd5eabae2634e0d83b6a8b95
  languageName: node
  linkType: hard

"brace-expansion@npm:^1.1.7":
  version: 1.1.11
  resolution: "brace-expansion@npm:1.1.11"
  dependencies:
    balanced-match: ^1.0.0
    concat-map: 0.0.1
  checksum: 4c878e25e4858baf801945dfd63eb68feab2e502cf1122f25f3915c0e3bf397af3a93ff6bef0798db41c0d81ef28c08e55daac38058710f749a3b96eee6b8f40
  languageName: node
  linkType: hard

"braces@npm:^3.0.1":
  version: 3.0.2
  resolution: "braces@npm:3.0.2"
  dependencies:
    fill-range: ^7.0.1
  checksum: f3493181c3e91a1333d3c9afc9b3263a3f62f4ced0b033c372efc1373b48a7699557f4e04026b232a8556e043ca5360a9d3008c33852350138d4b0ea57558b8d
  languageName: node
  linkType: hard

"callsites@npm:^3.0.0":
  version: 3.1.0
  resolution: "callsites@npm:3.1.0"
  checksum: f726bf10d752901174cae348e69c2e58206404d5eebcea485b3fedbcf7fcffdb397e10919fdf6ee2c8adb4be52a64eea2365d52583611939bfecd109260451c9
  languageName: node
  linkType: hard

"chalk@npm:^2.0.0":
  version: 2.4.2
  resolution: "chalk@npm:2.4.2"
  dependencies:
    ansi-styles: ^3.2.1
    escape-string-regexp: ^1.0.5
    supports-color: ^5.3.0
  checksum: 22c7b7b5bc761c882bb6516454a1a671923f1c53ff972860065aa0b28a195f230163c1d46ee88bcc7a03e5539177d896457d8bc727de7f244c6e87032743038e
  languageName: node
  linkType: hard

"chalk@npm:^4.1.1":
  version: 4.1.1
  resolution: "chalk@npm:4.1.1"
  dependencies:
    ansi-styles: ^4.1.0
    supports-color: ^7.1.0
  checksum: 445c12db7aeed0046500a1e4184d31209a77d165654c885a789c41c8598a6a95bd2392180987cac572c967b93a2a730dda778bb7f87fa06ca63fd8592f8cc59f
  languageName: node
  linkType: hard

"color-convert@npm:^1.9.0":
  version: 1.9.3
  resolution: "color-convert@npm:1.9.3"
  dependencies:
    color-name: 1.1.3
  checksum: 5f244daa3d1fe1f216d48878c550465067d15268688308554e613b7640a068f96588096d51f0b98b68f15d6ff6bb8ad24e172582ac8c0ad43fa4d3da60fd1b79
  languageName: node
  linkType: hard

"color-convert@npm:^2.0.1":
  version: 2.0.1
  resolution: "color-convert@npm:2.0.1"
  dependencies:
    color-name: ~1.1.4
  checksum: 3d5d8a011a43012ca11b6d739049ecf2055d95582fd16ec44bf1e685eb0baa5cc652002be8a1dc92b429c8d87418287d0528266a7595cb1ad8a7f4f1d3049df2
  languageName: node
  linkType: hard

"color-name@npm:1.1.3":
  version: 1.1.3
  resolution: "color-name@npm:1.1.3"
  checksum: d8b91bb90aefc05b6ff568cf8889566dcc6269824df6f3c9b8ca842b18d7f4d089c07dc166808d33f22092d4a79167aa56a96a5ff0d21efab548bf44614db43b
  languageName: node
  linkType: hard

"color-name@npm:~1.1.4":
  version: 1.1.4
  resolution: "color-name@npm:1.1.4"
  checksum: 3e1c9a4dee12eada307436f61614dd11fe300469db2b83f80c8b7a7cd8a1015f0f18dd13403f018927b249003777ff60baba4a03c65f12e6bddc0dfd9642021f
  languageName: node
  linkType: hard

"commander@npm:^7.2.0":
  version: 7.2.0
  resolution: "commander@npm:7.2.0"
  checksum: bdc0eca5e25cd24af8440163d3c9a996785bbac4b49a590365699cdc1ed08cefbac8f268153208ab2bc5dc3cb1d3fb573fd1590c681e36e371342186bd331a4c
  languageName: node
  linkType: hard

"comment-json@npm:^4.1.0":
  version: 4.1.0
  resolution: "comment-json@npm:4.1.0"
  dependencies:
    array-timsort: ^1.0.3
    core-util-is: ^1.0.2
    esprima: ^4.0.1
    has-own-prop: ^2.0.0
    repeat-string: ^1.6.1
  checksum: afc5255a94f107809f2fe790f1561e683fc8647601280aeb65daeda7298d46adde8a3c0a087bb9ceb4f63635d900c728ba35a98871dfaab27b2741c08cd2821c
  languageName: node
  linkType: hard

"concat-map@npm:0.0.1":
  version: 0.0.1
  resolution: "concat-map@npm:0.0.1"
  checksum: 554e28d9ee5aa6e061795473ee092cb3d3a2cbdb76c35416e0bb6e03f136d7d07676da387b2ed0ec4106cedbb6534080d9abc48ecc4a92b76406cf2d0c3c0c4b
  languageName: node
  linkType: hard

"configstore@npm:^5.0.1":
  version: 5.0.1
  resolution: "configstore@npm:5.0.1"
  dependencies:
    dot-prop: ^5.2.0
    graceful-fs: ^4.1.2
    make-dir: ^3.0.0
    unique-string: ^2.0.0
    write-file-atomic: ^3.0.0
    xdg-basedir: ^4.0.0
  checksum: 81dd877bf784af29e7bbeb14e183fef21df07d9eceb3e94601a0689accb168b55f4661c629d32f079f88ea1bff3396434beb0d022414b601e72cf89adf4167e1
  languageName: node
  linkType: hard

"core-util-is@npm:^1.0.2":
  version: 1.0.2
  resolution: "core-util-is@npm:1.0.2"
  checksum: 089015ee3c462dfceba70faa1df83b42a7bb35db26dae6af283247b06fe3216c65fccd9f00eebcaf98300dc31e981d56aae9f90b624f8f6ff1153e235ff88b65
  languageName: node
  linkType: hard

"cosmiconfig@npm:^7.0.0":
  version: 7.0.0
  resolution: "cosmiconfig@npm:7.0.0"
  dependencies:
    "@types/parse-json": ^4.0.0
    import-fresh: ^3.2.1
    parse-json: ^5.0.0
    path-type: ^4.0.0
    yaml: ^1.10.0
  checksum: 151fcb91773c0ae826fc801eab86f8f818605dbf63c8e5515adf0ff0fec5ede8e614f387f93c088d65527a2ea9021f0cd8c6b6e5c7fef2b77480b5e2c33700dc
  languageName: node
  linkType: hard

"crypto-random-string@npm:^2.0.0":
  version: 2.0.0
  resolution: "crypto-random-string@npm:2.0.0"
  checksum: 7bc19f6cafe3194a434198c9414941cc36d874e1f85b6fcba573b5623f77a440c0a10a94c0d0da26d7d23d85b6fe07354e589ef1a0fe2d7b32e0bab9e70ca4c1
  languageName: node
  linkType: hard

"cspell-glob@npm:^5.3.1, cspell-glob@npm:^5.5.2":
  version: 5.5.2
  resolution: "cspell-glob@npm:5.5.2"
  dependencies:
    micromatch: ^4.0.4
  checksum: c215f4b4218ae5f21562fa1d6f8c5c14f0e0566abc365798d9b43a169cbcaa955007edba24278f2d9cffc61b6c9300d69a45ca55880c812962a197715f5bd7bc
  languageName: node
  linkType: hard

"cspell-io@npm:^5.5.2":
  version: 5.5.2
  resolution: "cspell-io@npm:5.5.2"
  dependencies:
    iconv-lite: ^0.6.3
    iterable-to-stream: ^2.0.0
  checksum: af3375789228dac69cf02b6093f4f3550d07a04b1430817bc37f29ebe7e9028e0e7e2775dfb3dc2c9de943556188dd889199fbdb6eaf2a2479950a65cf9c1b8c
  languageName: node
  linkType: hard

"cspell-lib@npm:^5.5.2":
  version: 5.5.2
  resolution: "cspell-lib@npm:5.5.2"
  dependencies:
    "@cspell/cspell-bundled-dicts": ^5.5.2
    "@cspell/cspell-types": ^5.5.2
    comment-json: ^4.1.0
    configstore: ^5.0.1
    cosmiconfig: ^7.0.0
    cspell-glob: ^5.5.2
    cspell-io: ^5.5.2
    cspell-trie-lib: ^5.5.2
    fs-extra: ^10.0.0
    gensequence: ^3.1.1
    resolve-from: ^5.0.0
    resolve-global: ^1.0.0
    vscode-uri: ^3.0.2
  checksum: cb9ffb25b0d62a02adb654ecce2d4acc12a0b10d0ab9a699559634afc2f9a1f522d862aee74670c9b2164ced7e2e96b6dea92df730fd9e50cd51eff24a3fd00a
  languageName: node
  linkType: hard

"cspell-trie-lib@npm:^5.5.2":
  version: 5.5.2
  resolution: "cspell-trie-lib@npm:5.5.2"
  dependencies:
    fs-extra: ^10.0.0
    gensequence: ^3.1.1
  checksum: fa989c38ed278937ee0157392c26f284061cacd28362e209c101d3ecceb11fa161ffac78faa30576c83f46f2a36736fe0839052326b4fbf86787c8905a2e3ee8
  languageName: node
  linkType: hard

"cspell@npm:^5.3.1":
  version: 5.5.2
  resolution: "cspell@npm:5.5.2"
  dependencies:
    "@cspell/cspell-types": ^5.5.2
    chalk: ^4.1.1
    commander: ^7.2.0
    comment-json: ^4.1.0
    cspell-glob: ^5.5.2
    cspell-lib: ^5.5.2
    fs-extra: ^10.0.0
    get-stdin: ^8.0.0
    glob: ^7.1.7
    strip-ansi: ^6.0.0
  bin:
    cspell: bin.js
  checksum: c31fb4e0293891016f0f5e8ed9a9afcb34c6f72fa2543fdc249719d6e87e509fd903ba535cc3ba48385ebbbc43af8b669c8ad2b540b96f6ed37181785074b443
  languageName: node
  linkType: hard

"deprecation@npm:^2.0.0, deprecation@npm:^2.3.1":
  version: 2.3.1
  resolution: "deprecation@npm:2.3.1"
  checksum: 59343a0b927c5b6f67abb899fda68bf42b132c05ef1a985952c1e220c41fe5035b2d54a28c7c2a8b5239075d1dc25c83340242ada75f1c06c1bb047176f05f9b
  languageName: node
  linkType: hard

"dot-prop@npm:^5.2.0":
  version: 5.3.0
  resolution: "dot-prop@npm:5.3.0"
  dependencies:
    is-obj: ^2.0.0
  checksum: 76e6693d8803eeff9cb920988446bf223cf1f6e5b1c0c2fe07a66906392134931a481b11e3c0bd852c5cfc97fad65258bcb4359169ad1d8d624cb3f56932be98
  languageName: node
  linkType: hard

"error-ex@npm:^1.3.1":
  version: 1.3.2
  resolution: "error-ex@npm:1.3.2"
  dependencies:
    is-arrayish: ^0.2.1
  checksum: 6c6c9187429ae867d145bc64c682c7c137b1f8373a406dc3b605c0d92f15b85bfcea02b461dc55ae11b10d013377e1eaf3d469d2861b2f94703c743620a9c08c
  languageName: node
  linkType: hard

"escape-string-regexp@npm:^1.0.5":
  version: 1.0.5
  resolution: "escape-string-regexp@npm:1.0.5"
  checksum: f9484b8b4c8827d816e0fd905c25ed4b561376a9c220e1430403ea84619bf680c76a883a48cff8b8e091daf55d6a497e37479f9787b9f15f3c421b6054289744
  languageName: node
  linkType: hard

"esprima@npm:^4.0.1":
  version: 4.0.1
  resolution: "esprima@npm:4.0.1"
  bin:
    esparse: ./bin/esparse.js
    esvalidate: ./bin/esvalidate.js
  checksum: 5df45a3d9c95c36800d028ba76d8d4e04e199932b58c2939f462f859fd583e7d39b4a12d3f97986cf272a28a5fe5948ee6e49e36ef63f67b5b48d82a635c5081
  languageName: node
  linkType: hard

"fill-range@npm:^7.0.1":
  version: 7.0.1
  resolution: "fill-range@npm:7.0.1"
  dependencies:
    to-regex-range: ^5.0.1
  checksum: efca43d59b487ad4bc0b2b1cb9e51617c75a7b0159db51fa190c75c3d634ea5fad1ff4750d7c14346add4cd065e3c46e8f99af333edf2b4ec2a424f87e491a85
  languageName: node
  linkType: hard

"fs-extra@npm:^10.0.0":
  version: 10.0.0
  resolution: "fs-extra@npm:10.0.0"
  dependencies:
    graceful-fs: ^4.2.0
    jsonfile: ^6.0.1
    universalify: ^2.0.0
  checksum: 84632d143fe3125b8c3c2b1fedbbdfcfb84fc3e087522b4e138cc07edf574619925713a6609f6d5e53ede2e31ab319c7d528ea4a4a770ba6622a16bf4447cd8b
  languageName: node
  linkType: hard

"fs.realpath@npm:^1.0.0":
  version: 1.0.0
  resolution: "fs.realpath@npm:1.0.0"
  checksum: 698a91b1695e3926185c9e5b0dd57cf687dceb4eb73799af91e6b2ab741735e2962c366c5af6403ffddae2619914193bd339efa706fdc984d0ffc74b7a3603f4
  languageName: node
  linkType: hard

"gensequence@npm:^3.1.1":
  version: 3.1.1
  resolution: "gensequence@npm:3.1.1"
  checksum: e6c5738f1908f674c5d51595ab6d589532f72ac1990bb41855f73c476aaa1be7963e1a339d0c4474d381787503135f73b30fd104817e8e27a7cdc06cc42e3a1c
  languageName: node
  linkType: hard

"get-stdin@npm:^8.0.0":
  version: 8.0.0
  resolution: "get-stdin@npm:8.0.0"
  checksum: 009a4c42484cc30fe0f353d0a8c593dda0cdef46f4fb8c1668860d8e2fd6ca53faa2a08a85fdf3a4a56dfbe38f940772fd8b66e0ecba333a8f055c56cda72537
  languageName: node
  linkType: hard

"glob@npm:^7.1.7":
  version: 7.1.7
  resolution: "glob@npm:7.1.7"
  dependencies:
    fs.realpath: ^1.0.0
    inflight: ^1.0.4
    inherits: 2
    minimatch: ^3.0.4
    once: ^1.3.0
    path-is-absolute: ^1.0.0
  checksum: 352f74f08247db5420161a2f68f2bd84b53228b5fcfc9dcc37cd54d3f19ec0232495d84aeff1286d0727059e9fdc1031400e00b971bdc59e30f8f82b199c9d02
  languageName: node
  linkType: hard

"global-dirs@npm:^0.1.1":
  version: 0.1.1
  resolution: "global-dirs@npm:0.1.1"
  dependencies:
    ini: ^1.3.4
  checksum: 0d46e90b45e35fef757ef468fd497ea249787dafb20b76597ac0a1c129d8e8d7f09db4640a2f7ed12d1057159197af94ef4eea74c0be9c7c1c2c3bec5f0a6834
  languageName: node
  linkType: hard

"graceful-fs@npm:^4.1.2, graceful-fs@npm:^4.1.6, graceful-fs@npm:^4.2.0":
  version: 4.2.6
  resolution: "graceful-fs@npm:4.2.6"
  checksum: 84d39c7756892553da990a9db7e45f844b3309b37b5a00174cbb4748476f2250c54f24594d4d252f64f085c65c2fdac7c809419bf6d55f0e6e42eb07ac0f5bf2
  languageName: node
  linkType: hard

"has-flag@npm:^3.0.0":
  version: 3.0.0
  resolution: "has-flag@npm:3.0.0"
  checksum: 63aade480d27aeedb3b5b63a2e069d47d0006bf182338d662e7941cdc024e68a28418e0efa8dc5df30db9c4ee2407f39e6ea3f16cfbc6b83848b450826a28aa0
  languageName: node
  linkType: hard

"has-flag@npm:^4.0.0":
  version: 4.0.0
  resolution: "has-flag@npm:4.0.0"
  checksum: 2e5391139d3d287231ccb58659702392f6e3abeac3296fb4721afaff46493f3d9b99a9329ae015dfe973aa206ed5c75f43e86aec0267dce79aa5c2b6e811b3ad
  languageName: node
  linkType: hard

"has-own-prop@npm:^2.0.0":
  version: 2.0.0
  resolution: "has-own-prop@npm:2.0.0"
  checksum: 8513ff905297afb7b65f4e22012a2c8e20ab006067841015bf338cfd23019b6c7cec89b5192b4cb7eaaa2a5370d2474dc9a0bcfdfd71100c45b8d3be9882f45b
  languageName: node
  linkType: hard

"iconv-lite@npm:^0.6.3":
  version: 0.6.3
  resolution: "iconv-lite@npm:0.6.3"
  dependencies:
    safer-buffer: ">= 2.1.2 < 3.0.0"
  checksum: 9b4f24db662b717340ae20ec9ebbaf0648b378a2d0fc64aef83c6bccdd9918b622216c020e177ddf2d02eeff8456a732e85b6d989eb2cd3a40519f3e179b273c
  languageName: node
  linkType: hard

"import-fresh@npm:^3.2.1":
  version: 3.3.0
  resolution: "import-fresh@npm:3.3.0"
  dependencies:
    parent-module: ^1.0.0
    resolve-from: ^4.0.0
  checksum: 3ff624f00140850a2878eb7630d635daaad556cfa5a0e23191e9b65ab4fec8cc23f929f03bc9b3c4251b497a434f459bf3e7a8aa547a400ad140f431a1b0e4d6
  languageName: node
  linkType: hard

"imurmurhash@npm:^0.1.4":
  version: 0.1.4
  resolution: "imurmurhash@npm:0.1.4"
  checksum: 34d414d789286f6ef4d2b954c76c7df40dd7cabffef9b9959c8bd148677e98151f4fa5344aae2e3ad2b62308555ccbba3022e535a3e24288c9babb1308e35532
  languageName: node
  linkType: hard

"inflight@npm:^1.0.4":
  version: 1.0.6
  resolution: "inflight@npm:1.0.6"
  dependencies:
    once: ^1.3.0
    wrappy: 1
  checksum: 17c53fc42cbe7f7f471d2bc41b97a0cde4b79a74d5ff59997d3f75210566fa278e17596da526d43de2bd07e222706240ce50e60097e54f2cde2e64cbbb372638
  languageName: node
  linkType: hard

"inherits@npm:2":
  version: 2.0.4
  resolution: "inherits@npm:2.0.4"
  checksum: 98426da247ddfc3dcd7d7daedd90c3ca32d5b08deca08949726f12d49232aef94772a07b36cf4ff833e105ae2ef931777f6de4a6dd8245a216b9299ad4a50bea
  languageName: node
  linkType: hard

"ini@npm:^1.3.4":
  version: 1.3.8
  resolution: "ini@npm:1.3.8"
  checksum: 62189ce7ea44c5778e757e4232c581212e838f3c39e79d931bb9152fd4b9275f09fb20b96afdd60ba9f5d7996b92486cad6cc617fcb84ff4beedd1b33b86221e
  languageName: node
  linkType: hard

"is-arrayish@npm:^0.2.1":
  version: 0.2.1
  resolution: "is-arrayish@npm:0.2.1"
  checksum: fc2bbe14dbcb27b490e63b7fbf0e3b0aae843e5e1fa96d79450bb9617797615a575c78c454ffc8e027c3ad50d63d83e85a7387784979dcd46686d2eb5f412db0
  languageName: node
  linkType: hard

"is-number@npm:^7.0.0":
  version: 7.0.0
  resolution: "is-number@npm:7.0.0"
  checksum: eec6e506c6de472af4bdfd0cc477e8aeb76f0a7066c8680fcdfed5324ee31a7d2b59d22313007c58aa80eb937f0c40eefdceedb851997d46b490b49f87160369
  languageName: node
  linkType: hard

"is-obj@npm:^2.0.0":
  version: 2.0.0
  resolution: "is-obj@npm:2.0.0"
  checksum: ffa67ed5df66e37757876cd976380737a0430551789a0457b8c031eaedef8f5c6bc4ab6d903e529efb777545f8718ab73d9badde61c8b08720a3747ccff0b2a0
  languageName: node
  linkType: hard

"is-plain-object@npm:^5.0.0":
  version: 5.0.0
  resolution: "is-plain-object@npm:5.0.0"
  checksum: 92bd87f095036fb6ef21fcba4e66734bba1457fc4abece5873bd1fba130c44fa8a4df64a2ef7841da638680af18e1ad2e5fac1095bed3578d0da0afc1f04bcf3
  languageName: node
  linkType: hard

"is-typedarray@npm:^1.0.0":
  version: 1.0.0
  resolution: "is-typedarray@npm:1.0.0"
  checksum: 4e21156e7360a5916eded35c5938adf6278299a8055640864eebb251e4351cd605beccddf9af27477e19f753d453412fe0c21379bb54b55cfdf5add263076959
  languageName: node
  linkType: hard

"iterable-to-stream@npm:^2.0.0":
  version: 2.0.0
  resolution: "iterable-to-stream@npm:2.0.0"
  checksum: 23550b3a0b0b66ff2dc1c3a5fa030cfb3bf43d85ffc2b569db15e00b9e3542a6e7a2866f6636d9c135f94e1d5b226b6bd42c28f657a01961181b5f94ae2e86a5
  languageName: node
  linkType: hard

"js-tokens@npm:^4.0.0":
  version: 4.0.0
  resolution: "js-tokens@npm:4.0.0"
  checksum: 1fc4e4667ac2d972aba65148b9cbf9c17566b2394d3504238d8492bbd3e68f496c657eab06b26b40b17db5cac0a34d153a12130e2d2d2bb6dc2cdc8a4764eb1b
  languageName: node
  linkType: hard

"json-parse-even-better-errors@npm:^2.3.0":
  version: 2.3.1
  resolution: "json-parse-even-better-errors@npm:2.3.1"
  checksum: d89fa7fe57957f3004cf0e786465a64183c0de861f6fda800d352956397c01b22f9feb141d0dce5b23f5dbe0aae74dd5b45fc0c3c1679b0942688efa5544e726
  languageName: node
  linkType: hard

"jsonfile@npm:^6.0.1":
  version: 6.1.0
  resolution: "jsonfile@npm:6.1.0"
  dependencies:
    graceful-fs: ^4.1.6
    universalify: ^2.0.0
  dependenciesMeta:
    graceful-fs:
      optional: true
  checksum: 9419c886abc6f8a5088cbb222b7bc17c76e8ee9f6c0e5c38781a4e09488166084f25247bc0b58e025b08c43064c82ae860ad89a992e35fc8cfae639323b7edbc
  languageName: node
  linkType: hard

"lines-and-columns@npm:^1.1.6":
  version: 1.1.6
  resolution: "lines-and-columns@npm:1.1.6"
  checksum: 798b80ed7ae3fba34d43fe29591ccb4f16f6fca1da4e1f9922b92264b91d931012433c248daf8e44caa74feb40c0eaa0f27a14f8ee68b6ffb425f3c3f785af27
  languageName: node
  linkType: hard

"make-dir@npm:^3.0.0":
  version: 3.1.0
  resolution: "make-dir@npm:3.1.0"
  dependencies:
    semver: ^6.0.0
  checksum: 54b6f186c209c1b133d0d1710e6b04c41ebfcb0dac699e5a369ea1223f22c0574ef820b91db37cae6c245f5bda8aff9bfec94f6c23e7d75970446b34a58a79b0
  languageName: node
  linkType: hard

"micromatch@npm:^4.0.4":
  version: 4.0.4
  resolution: "micromatch@npm:4.0.4"
  dependencies:
    braces: ^3.0.1
    picomatch: ^2.2.3
  checksum: bc522ad93c086aa176f50fea2dc8060a8f7d7a621c811cf9ba02a1912577cc100190508166d721231465f10a575a40ec8a1bffc23bbc2c0108fcbf02e4be04ed
  languageName: node
  linkType: hard

"minimatch@npm:^3.0.4":
  version: 3.0.4
  resolution: "minimatch@npm:3.0.4"
  dependencies:
    brace-expansion: ^1.1.7
  checksum: 47eab9263962cacd5733e274ecad2d8e54b0f8e124ba35ae69189e296058f634a4967b87a98954f86fa5c830ff177caf827ce0136d28717ed3232951fb4fae62
  languageName: node
  linkType: hard

"node-fetch@npm:^2.6.1":
  version: 2.6.1
  resolution: "node-fetch@npm:2.6.1"
  checksum: cbb171635e538162b977eac5dfe7a1e07a9a02e991924377a6435502291e2f823d306b95aabc455caebf4a118ccf836868462bc70ccc3095af02bb9da61fda37
  languageName: node
  linkType: hard

"once@npm:^1.3.0, once@npm:^1.4.0":
  version: 1.4.0
  resolution: "once@npm:1.4.0"
  dependencies:
    wrappy: 1
  checksum: 57afc246536cf6494437f982b26475f22bee860f8b77ce8eb1543f42a8bffe04b2c66ddfea9a16cb25ccb80943f8ee4fc639367ef97b7a6a4f2672eb573963f5
  languageName: node
  linkType: hard

"parent-module@npm:^1.0.0":
  version: 1.0.1
  resolution: "parent-module@npm:1.0.1"
  dependencies:
    callsites: ^3.0.0
  checksum: 58714b9699f8e84340aaf0781b7cbd82f1c357f6ce9c035c151d0e8c1e9b869c51b95b680882f0d21b4751e817a6c936d4bb2952a1a1d9d9fb27e5a84baec2aa
  languageName: node
  linkType: hard

"parse-json@npm:^5.0.0":
  version: 5.2.0
  resolution: "parse-json@npm:5.2.0"
  dependencies:
    "@babel/code-frame": ^7.0.0
    error-ex: ^1.3.1
    json-parse-even-better-errors: ^2.3.0
    lines-and-columns: ^1.1.6
  checksum: 65b1e494a51862340248f542666712830c7b6f4d632ca099520eeacb163275f35cbbcf72643cab1d8a71c3cdf87dcd0a7e03c685c7ac1068d24b49c915a7e884
  languageName: node
  linkType: hard

"path-is-absolute@npm:^1.0.0":
  version: 1.0.1
  resolution: "path-is-absolute@npm:1.0.1"
  checksum: 907e1e3e6ac0aef6e65adffd75b3892191d76a5b94c5cf26b43667c4240531d11872ca6979c209b2e5e1609f7f579d02f64ba9936b48bb59d36cc529f0d965ed
  languageName: node
  linkType: hard

"path-type@npm:^4.0.0":
  version: 4.0.0
  resolution: "path-type@npm:4.0.0"
  checksum: ef5835f2eb47e4d06004c7ec7bd51175c0455eaecd5ee99a9774bca5ef43242616e25b44ccc0ba86a0bf42b9f197550fcc0dfa7580e5ff9dca53c035e9bd86a9
  languageName: node
  linkType: hard

"picomatch@npm:^2.2.3":
  version: 2.3.0
  resolution: "picomatch@npm:2.3.0"
  checksum: 80113a0fb70cfa62730d5aa3fd3d45b76bf3985f8494080ab2de1cc1fa3ba96d77990c7553a81401e16c51c0eb19c27cf5bc94f2196155090f26c8a167968001
  languageName: node
  linkType: hard

"repeat-string@npm:^1.6.1":
  version: 1.6.1
  resolution: "repeat-string@npm:1.6.1"
  checksum: 99c431ba7bef7a5d39819d562ebca89206368b45f73213677a3b562e25b5dd272d9e6a2ca8105001df14b6fc8cc71f0b10258c86e16cf8a256318fac1ddc8a77
  languageName: node
  linkType: hard

"resolve-from@npm:^4.0.0":
  version: 4.0.0
  resolution: "resolve-from@npm:4.0.0"
  checksum: 87a4357c0c1c2d165012ec04a3b2aa58931c0c0be257890806760b627bad36c9bceb6f9b2a3726f8570c67f2c9ff3ecc9507fe65cc3ad8d45cdab015245c649f
  languageName: node
  linkType: hard

"resolve-from@npm:^5.0.0":
  version: 5.0.0
  resolution: "resolve-from@npm:5.0.0"
  checksum: 0d29fc7012eb21f34d2637fa0602694f60e64c14bf5fbd5395b72f6ea5540a6906cbeef062edefc34c22fd802bfe8ae46ef936e6c4a3f1b1047390f9738dd76f
  languageName: node
  linkType: hard

"resolve-global@npm:^1.0.0":
  version: 1.0.0
  resolution: "resolve-global@npm:1.0.0"
  dependencies:
    global-dirs: ^0.1.1
  checksum: 337635c53b22fcaf1fa2a49ef3da34167893582ab3200bc28f7f013cb0a617db03c7f21ab7b124a6a85e8725cade7f3fb0f4618e54fed2e507078ce8a4c5c58b
  languageName: node
  linkType: hard

"root-workspace-0b6124@workspace:.":
  version: 0.0.0-use.local
  resolution: "root-workspace-0b6124@workspace:."
  dependencies:
    "@actions/core": ^1.2.6
    "@actions/github": ^5.0.0
    "@cspell/cspell-bundled-dicts": ^5.3.0
    "@octokit/core": ^3.4.0
    "@octokit/plugin-rest-endpoint-methods": ^5.1.1
    "@octokit/rest": ^18.5.3
    "@types/node": 14
    cosmiconfig: ^7.0.0
    cspell: ^5.3.1
    cspell-glob: ^5.3.1
  languageName: unknown
  linkType: soft

"safer-buffer@npm:>= 2.1.2 < 3.0.0":
  version: 2.1.2
  resolution: "safer-buffer@npm:2.1.2"
  checksum: 549ba83f5b314b59898efe3422120ce1ca7987a6eae5925a5fa5db930dc414d4a9dde0a5594f89638cd6ea60b6840ea961872908933ac2428d1726489db46fa5
  languageName: node
  linkType: hard

"semver@npm:^6.0.0":
  version: 6.3.0
  resolution: "semver@npm:6.3.0"
  bin:
    semver: ./bin/semver.js
  checksum: f0d155c06a67cc7e500c92d929339f1c6efd4ce9fe398aee6acc00a2333489cca0f5b4e76ee7292beba237fcca4b5a3d4a6153471f105f56299801bdab37289f
  languageName: node
  linkType: hard

"signal-exit@npm:^3.0.2":
  version: 3.0.3
  resolution: "signal-exit@npm:3.0.3"
  checksum: f8f3fec95c8d1f9ad7e3cce07e1195f84e7a85cdcb4e825e8a2b76aa5406a039083d2bc9662b3cf40e6948262f41277047d20e6fbd58c77edced0b18fab647d8
  languageName: node
  linkType: hard

"strip-ansi@npm:^6.0.0":
  version: 6.0.0
  resolution: "strip-ansi@npm:6.0.0"
  dependencies:
    ansi-regex: ^5.0.0
  checksum: 10568c91cadbef182a807c38dfa718dce15a35b12fcc97b96b6b2029d0508ef66ca93fabddeb49482d9b027495d1e18591858e80f27ad26861c4967c60fd207f
  languageName: node
  linkType: hard

"supports-color@npm:^5.3.0":
  version: 5.5.0
  resolution: "supports-color@npm:5.5.0"
  dependencies:
    has-flag: ^3.0.0
  checksum: edacee6425498440744c418be94b0660181aad2a1828bcf2be85c42bd385da2fd8b2b358d9b62b0c5b03ff5cd3e992458d7b8f879d9fb42f2201fe05a4848a29
  languageName: node
  linkType: hard

"supports-color@npm:^7.1.0":
  version: 7.2.0
  resolution: "supports-color@npm:7.2.0"
  dependencies:
    has-flag: ^4.0.0
  checksum: 8e57067c39216f3c2ffce7cc14ca934d54746192571203aa9c9922d97d2d55cc1bdaa9e41a11f91e620670b5a74ebdec6b548a885d8cc2dea7cab59e21416029
  languageName: node
  linkType: hard

"to-regex-range@npm:^5.0.1":
  version: 5.0.1
  resolution: "to-regex-range@npm:5.0.1"
  dependencies:
    is-number: ^7.0.0
  checksum: 2b6001e314e4998a07137c197e333fac2f86d46d0593da90b678ae64e2daa07274b508f83cca09e6b3504cdf222497dcb5b7daceb6dc13a9a8872f58a27db907
  languageName: node
  linkType: hard

"tunnel@npm:0.0.6":
  version: 0.0.6
  resolution: "tunnel@npm:0.0.6"
  checksum: 78fbb1a55a44fc8de6a497923bf7bf6e7b14b396e0ddaf11fe624ab7f646a0d2ada03f6dcb4a80940faed9649e30d229114f218e8906badd12ded2323a6f666b
  languageName: node
  linkType: hard

"typedarray-to-buffer@npm:^3.1.5":
  version: 3.1.5
  resolution: "typedarray-to-buffer@npm:3.1.5"
  dependencies:
    is-typedarray: ^1.0.0
  checksum: e6e0e6812acc3496612d81abe026bb6c71bfc0f3daa00716a3236fe37c46a81508de8306df8a29ae81e2a2c4293b6b8067c77b65003e0022134d544902b9acec
  languageName: node
  linkType: hard

"unique-string@npm:^2.0.0":
  version: 2.0.0
  resolution: "unique-string@npm:2.0.0"
  dependencies:
    crypto-random-string: ^2.0.0
  checksum: a2748b41eaada391800773c16674fe4e9a3f078162e49b2c6b4e67d36061a0f97be4b7851136d786ed5e4ddc90770400fd54bf32aed1e08ec9a9219d9b66bad3
  languageName: node
  linkType: hard

"universal-user-agent@npm:^6.0.0":
  version: 6.0.0
  resolution: "universal-user-agent@npm:6.0.0"
  checksum: 725797ab636f1786a824f805eca2b227019ae8e82fdbe03e3e26a7f2917669bfcf7ef723c7d4b2c60a5e1603108d32bec3987b4f52821360523cb609fb7ae782
  languageName: node
  linkType: hard

"universalify@npm:^2.0.0":
  version: 2.0.0
  resolution: "universalify@npm:2.0.0"
  checksum: 36bfbdc97bd4b483596e66ea65e20663f5ab9ec3650157d99b075b7f97afcdefe46bbb23f89171dd75595d398cea3769a5b6d7130f5c66cae2a0f00904780f62
  languageName: node
  linkType: hard

"vscode-uri@npm:^3.0.2":
  version: 3.0.2
  resolution: "vscode-uri@npm:3.0.2"
  checksum: 3e947913f50261d3587b4f643ed2112342c0cc8acd9d7f1f0af457c9bae6e715fff0ac0f73eb73935700b304c969a42f322e74e7139ac754176aae2a1c34d951
  languageName: node
  linkType: hard

"wrappy@npm:1":
  version: 1.0.2
  resolution: "wrappy@npm:1.0.2"
  checksum: 519fcda0fcdf0c16327be2de9d98646742307bc830277e8868529fcf7566f2b330a6453c233e0cdcb767d5838dd61a90984a02ecc983bcddebea5ad0833bbf98
  languageName: node
  linkType: hard

"write-file-atomic@npm:^3.0.0":
  version: 3.0.3
  resolution: "write-file-atomic@npm:3.0.3"
  dependencies:
    imurmurhash: ^0.1.4
    is-typedarray: ^1.0.0
    signal-exit: ^3.0.2
    typedarray-to-buffer: ^3.1.5
  checksum: a26a8699c30cdc81d041b2c1049c6773f1e8401edda365874e9ca2dcf1fcf024dfeb43eea5e08c2e9b4e77be08a160d37f8d6c5d8c2d3ceccdf3d06e5cb38d35
  languageName: node
  linkType: hard

"xdg-basedir@npm:^4.0.0":
  version: 4.0.0
  resolution: "xdg-basedir@npm:4.0.0"
  checksum: 928953cb7dda8e2475932f748847a3aae751f44864a0067b03e5ca66820a36e1e9ffb647f9b06fb68ebcb0b9d06d5aee630717a1d2501be14cec99f82efa2fe6
  languageName: node
  linkType: hard

"yaml@npm:^1.10.0":
  version: 1.10.2
  resolution: "yaml@npm:1.10.2"
  checksum: 8d72062ea3dbfd8fae3d6ddd5b741c2aeb5835a31b0719bf14fac71dd84adde0829763d6fbac46387309da00af1440194c796da5efc349b0baf9de39d82ae69e
  languageName: node
  linkType: hard
